dependencies:
  idf:
    source:
      type: idf
    version: 5.4.1
  u8g2:
    dependencies: []
    source:
      path: D:\project\fan01\code\managed_components\u8g2
      type: local
    version: '*'
direct_dependencies:
- idf
- u8g2
manifest_hash: da9087801b124ac46d98da85228ac1a9e2bf385e70c2508f50b01db844b34747
target: esp32c3
version: 2.0.0
